
Microsoft Visual Studio Solution File, Format Version 12.00
# Visual Studio Version 18
VisualStudioVersion = 18.1.11304.174 d18.0
MinimumVisualStudioVersion = 10.0.40219.1
Project("{2150E333-8FDC-42A3-9474-1A3956D46DE8}") = "Tests", "Tests", "{668694D7-0F58-40F2-B718-536811C550E0}"
EndProject
Project("{2150E333-8FDC-42A3-9474-1A3956D46DE8}") = "Solution Items", "Solution Items", "{9BEC0B56-B633-48D2-AB2A-63F13A692250}"
	ProjectSection(SolutionItems) = preProject
		.editorconfig = .editorconfig
		.gitignore = .gitignore
		Directory.Build.props = Directory.Build.props
		Directory.Build.targets = Directory.Build.targets
		Directory.Packages.props = Directory.Packages.props
		global.json = global.json
		README.md = README.md
	EndProjectSection
EndProject
Project("{2150E333-8FDC-42A3-9474-1A3956D46DE8}") = "Sources", "Sources", "{4BDA909C-F325-40FE-B9A7-01689DE57DE1}"
EndProject
Project("{2150E333-8FDC-42A3-9474-1A3956D46DE8}") = ".github", ".github", "{071D58AE-3A42-4DCD-8D87-555D50BAAEA2}"
	ProjectSection(SolutionItems) = preProject
		.github\dependabot.yml = .github\dependabot.yml
	EndProjectSection
EndProject
Project("{2150E333-8FDC-42A3-9474-1A3956D46DE8}") = "workflows", "workflows", "{A743E524-CABA-4D51-A173-235319F5B589}"
	ProjectSection(SolutionItems) = preProject
		.github\workflows\build_release.yaml = .github\workflows\build_release.yaml
		.github\workflows\ci.yaml = .github\workflows\ci.yaml
		.github\workflows\publish_release.yaml = .github\workflows\publish_release.yaml
	EndProjectSection
EndProject
Project("{2150E333-8FDC-42A3-9474-1A3956D46DE8}") = "codeql", "codeql", "{FC0DC7F8-4F06-4D4A-931F-9CB04D9FC45D}"
EndProject
Project("{FAE04EC0-301F-11D3-BF4B-00C04F79EFBC}") = "Nivaes.IoC", "sources\Nivaes.IoC\Nivaes.IoC.csproj", "{69319246-30D6-5F35-D5C6-D8C18D75A006}"
EndProject
Project("{FAE04EC0-301F-11D3-BF4B-00C04F79EFBC}") = "Nivaes.IoC.SourceGenerator", "sources\Nivaes.IoC.SourceGenerator\Nivaes.IoC.SourceGenerator.csproj", "{7681EC5F-44DF-AE9A-9A55-FBD1E2A8BE45}"
EndProject
Project("{FAE04EC0-301F-11D3-BF4B-00C04F79EFBC}") = "Nivaes.IoC.SourceGenerator.UnitTest", "tests\Nivaes.IoC.SourceGenerator.UnitTest\Nivaes.IoC.SourceGenerator.UnitTest.csproj", "{29430DB7-17C7-945B-EA5F-8521B274F88F}"
EndProject
Project("{FAE04EC0-301F-11D3-BF4B-00C04F79EFBC}") = "Nivaes.IoC.UnitTest", "tests\Nivaes.IoC.UnitTest\Nivaes.IoC.UnitTest.csproj", "{0F768907-7406-7EC6-395A-393F57EE0826}"
EndProject
Project("{FAE04EC0-301F-11D3-BF4B-00C04F79EFBC}") = "Nivaes.IoC.Benchmarks", "tests\Nivaes.IoC.Benchmarks\Nivaes.IoC.Benchmarks.csproj", "{7F919815-6FF8-6E8A-E992-E328E9A8E901}"
EndProject
Global
	GlobalSection(SolutionConfigurationPlatforms) = preSolution
		Debug|Any CPU = Debug|Any CPU
		Release|Any CPU = Release|Any CPU
	EndGlobalSection
	GlobalSection(ProjectConfigurationPlatforms) = postSolution
		{69319246-30D6-5F35-D5C6-D8C18D75A006}.Debug|Any CPU.ActiveCfg = Debug|Any CPU
		{69319246-30D6-5F35-D5C6-D8C18D75A006}.Debug|Any CPU.Build.0 = Debug|Any CPU
		{69319246-30D6-5F35-D5C6-D8C18D75A006}.Release|Any CPU.ActiveCfg = Release|Any CPU
		{69319246-30D6-5F35-D5C6-D8C18D75A006}.Release|Any CPU.Build.0 = Release|Any CPU
		{7681EC5F-44DF-AE9A-9A55-FBD1E2A8BE45}.Debug|Any CPU.ActiveCfg = Debug|Any CPU
		{7681EC5F-44DF-AE9A-9A55-FBD1E2A8BE45}.Debug|Any CPU.Build.0 = Debug|Any CPU
		{7681EC5F-44DF-AE9A-9A55-FBD1E2A8BE45}.Release|Any CPU.ActiveCfg = Release|Any CPU
		{7681EC5F-44DF-AE9A-9A55-FBD1E2A8BE45}.Release|Any CPU.Build.0 = Release|Any CPU
		{29430DB7-17C7-945B-EA5F-8521B274F88F}.Debug|Any CPU.ActiveCfg = Debug|Any CPU
		{29430DB7-17C7-945B-EA5F-8521B274F88F}.Debug|Any CPU.Build.0 = Debug|Any CPU
		{29430DB7-17C7-945B-EA5F-8521B274F88F}.Release|Any CPU.ActiveCfg = Release|Any CPU
		{29430DB7-17C7-945B-EA5F-8521B274F88F}.Release|Any CPU.Build.0 = Release|Any CPU
		{0F768907-7406-7EC6-395A-393F57EE0826}.Debug|Any CPU.ActiveCfg = Debug|Any CPU
		{0F768907-7406-7EC6-395A-393F57EE0826}.Debug|Any CPU.Build.0 = Debug|Any CPU
		{0F768907-7406-7EC6-395A-393F57EE0826}.Release|Any CPU.ActiveCfg = Release|Any CPU
		{0F768907-7406-7EC6-395A-393F57EE0826}.Release|Any CPU.Build.0 = Release|Any CPU
		{7F919815-6FF8-6E8A-E992-E328E9A8E901}.Debug|Any CPU.ActiveCfg = Debug|Any CPU
		{7F919815-6FF8-6E8A-E992-E328E9A8E901}.Debug|Any CPU.Build.0 = Debug|Any CPU
		{7F919815-6FF8-6E8A-E992-E328E9A8E901}.Release|Any CPU.ActiveCfg = Release|Any CPU
		{7F919815-6FF8-6E8A-E992-E328E9A8E901}.Release|Any CPU.Build.0 = Release|Any CPU
	EndGlobalSection
	GlobalSection(SolutionProperties) = preSolution
		HideSolutionNode = FALSE
	EndGlobalSection
	GlobalSection(NestedProjects) = preSolution
		{071D58AE-3A42-4DCD-8D87-555D50BAAEA2} = {9BEC0B56-B633-48D2-AB2A-63F13A692250}
		{A743E524-CABA-4D51-A173-235319F5B589} = {071D58AE-3A42-4DCD-8D87-555D50BAAEA2}
		{FC0DC7F8-4F06-4D4A-931F-9CB04D9FC45D} = {071D58AE-3A42-4DCD-8D87-555D50BAAEA2}
		{69319246-30D6-5F35-D5C6-D8C18D75A006} = {4BDA909C-F325-40FE-B9A7-01689DE57DE1}
		{7681EC5F-44DF-AE9A-9A55-FBD1E2A8BE45} = {4BDA909C-F325-40FE-B9A7-01689DE57DE1}
		{29430DB7-17C7-945B-EA5F-8521B274F88F} = {668694D7-0F58-40F2-B718-536811C550E0}
		{0F768907-7406-7EC6-395A-393F57EE0826} = {668694D7-0F58-40F2-B718-536811C550E0}
		{7F919815-6FF8-6E8A-E992-E328E9A8E901} = {668694D7-0F58-40F2-B718-536811C550E0}
	EndGlobalSection
	GlobalSection(ExtensibilityGlobals) = postSolution
		SolutionGuid = {459176FD-3FCB-4025-80C7-E855E0E0F81B}
	EndGlobalSection
EndGlobal
